
Microsoft Visual Studio Solution File, Format Version 12.00
# Visual Studio Version 17
VisualStudioVersion = 17.11.35327.3
MinimumVisualStudioVersion = 10.0.40219.1
Project("{FAE04EC0-301F-11D3-BF4B-00C04F79EFBC}") = "IMDBNameInsert", "IMDBNameInsert\IMDBNameInsert.csproj", "{A4F0733F-7F2F-4CDF-9152-3D59A4860633}"
EndProject
Global
	GlobalSection(SolutionConfigurationPlatforms) = preSolution
		Debug|Any CPU = Debug|Any CPU
		Release|Any CPU = Release|Any CPU
	EndGlobalSection
	GlobalSection(ProjectConfigurationPlatforms) = postSolution
		{A4F0733F-7F2F-4CDF-9152-3D59A4860633}.Debug|Any CPU.ActiveCfg = Debug|Any CPU
		{A4F0733F-7F2F-4CDF-9152-3D59A4860633}.Debug|Any CPU.Build.0 = Debug|Any CPU
		{A4F0733F-7F2F-4CDF-9152-3D59A4860633}.Release|Any CPU.ActiveCfg = Release|Any CPU
		{A4F0733F-7F2F-4CDF-9152-3D59A4860633}.Release|Any CPU.Build.0 = Release|Any CPU
	EndGlobalSection
	GlobalSection(SolutionProperties) = preSolution
		HideSolutionNode = FALSE
	EndGlobalSection
	GlobalSection(ExtensibilityGlobals) = postSolution
		SolutionGuid = {269BF045-4C86-4805-A1B8-4A7BA722D5A8}
	EndGlobalSection
EndGlobal
